<?xml version="1.0" encoding="utf-8"?>
<Project ToolsVersion="4.0" xmlns="http://schemas.microsoft.com/developer/msbuild/2003">
  <ItemGroup>
    <Filter Include="Resource Files">
      <UniqueIdentifier>{D9D6E242-F8AF-46E4-B9FD-80ECBC20BA3E}</UniqueIdentifier>
      <Extensions>qrc;*</Extensions>
      <ParseFiles>false</ParseFiles>
    </Filter>
    <Filter Include="Resource Files">
      <UniqueIdentifier>{D9D6E242-F8AF-46E4-B9FD-80ECBC20BA3E}</UniqueIdentifier>
      <Extensions>qrc;*</Extensions>
      <ParseFiles>false</ParseFiles>
    </Filter>
    <Filter Include="Generated Files">
      <UniqueIdentifier>{71ED8ED8-ACB9-4CE9-BBE1-E00B30144E11}</UniqueIdentifier>
      <Extensions>moc;h;cpp</Extensions>
      <SourceControlFiles>False</SourceControlFiles>
    </Filter>
    <Filter Include="exception">
      <UniqueIdentifier>{61622fed-ba37-486b-bad4-deefb713a39e}</UniqueIdentifier>
    </Filter>
    <Filter Include="basic">
      <UniqueIdentifier>{4102f530-c437-4dad-87f0-41bcab56b720}</UniqueIdentifier>
    </Filter>
    <Filter Include="widget">
      <UniqueIdentifier>{6b45a533-fe90-4592-bc8b-36fb64b20b16}</UniqueIdentifier>
    </Filter>
    <Filter Include="widget\backup">
      <UniqueIdentifier>{0375e9da-10bd-4f2e-98c2-f77dc3f2b3ee}</UniqueIdentifier>
    </Filter>
    <Filter Include="messagebox">
      <UniqueIdentifier>{1d262154-d1cb-4b9d-a24c-7eb5e082296a}</UniqueIdentifier>
    </Filter>
    <Filter Include="widget\backup\clouddisk">
      <UniqueIdentifier>{430a8f35-a7fe-458b-9ebe-fc271d5aace5}</UniqueIdentifier>
    </Filter>
  </ItemGroup>
  <ItemGroup>
    <ClCompile Include="GeneratedFiles\qrc_JYunApplication.cpp">
      <Filter>Generated Files</Filter>
    </ClCompile>
    <ClCompile Include="exception\Exception.cpp">
      <Filter>exception</Filter>
    </ClCompile>
    <ClCompile Include="main.cpp" />
    <ClCompile Include="stdafx.cpp" />
    <ClCompile Include="basic\BasicWidget.cpp">
      <Filter>basic</Filter>
    </ClCompile>
    <ClCompile Include="widget\JYunApplication.cpp">
      <Filter>widget</Filter>
    </ClCompile>
    <ClCompile Include="GeneratedFiles\Debug\moc_JYunApplication.cpp">
      <Filter>Generated Files</Filter>
    </ClCompile>
    <ClCompile Include="GeneratedFiles\Release\moc_JYunApplication.cpp">
      <Filter>Generated Files</Filter>
    </ClCompile>
    <ClCompile Include="GeneratedFiles\Debug\moc_BasicWidget.cpp">
      <Filter>Generated Files</Filter>
    </ClCompile>
    <ClCompile Include="GeneratedFiles\Release\moc_BasicWidget.cpp">
      <Filter>Generated Files</Filter>
    </ClCompile>
    <ClCompile Include="widget\JYunLogin.cpp">
      <Filter>widget</Filter>
    </ClCompile>
    <ClCompile Include="GeneratedFiles\Debug\moc_JYunLogin.cpp">
      <Filter>Generated Files</Filter>
    </ClCompile>
    <ClCompile Include="GeneratedFiles\Release\moc_JYunLogin.cpp">
      <Filter>Generated Files</Filter>
    </ClCompile>
    <ClCompile Include="widget\JYunSetup.cpp">
      <Filter>widget</Filter>
    </ClCompile>
    <ClCompile Include="widget\JYunCloudDisk.cpp">
      <Filter>widget</Filter>
    </ClCompile>
    <ClCompile Include="widget\clouddisk\CloudDiskTopWidget.cpp">
      <Filter>widget\backup\clouddisk</Filter>
    </ClCompile>
    <ClCompile Include="GeneratedFiles\Debug\moc_CloudDiskTopWidget.cpp">
      <Filter>Generated Files</Filter>
    </ClCompile>
    <ClCompile Include="GeneratedFiles\Release\moc_CloudDiskTopWidget.cpp">
      <Filter>Generated Files</Filter>
    </ClCompile>
    <ClCompile Include="GeneratedFiles\Debug\moc_JYunCloudDisk.cpp">
      <Filter>Generated Files</Filter>
    </ClCompile>
    <ClCompile Include="GeneratedFiles\Release\moc_JYunCloudDisk.cpp">
      <Filter>Generated Files</Filter>
    </ClCompile>
    <ClCompile Include="widget\clouddisk\CloudDiskLeftWidget.cpp">
      <Filter>widget\backup\clouddisk</Filter>
    </ClCompile>
    <ClCompile Include="GeneratedFiles\Debug\moc_CloudDiskLeftWidget.cpp">
      <Filter>Generated Files</Filter>
    </ClCompile>
    <ClCompile Include="GeneratedFiles\Release\moc_CloudDiskLeftWidget.cpp">
      <Filter>Generated Files</Filter>
    </ClCompile>
    <ClCompile Include="widget\clouddisk\CloudDiskStatusBar.cpp">
      <Filter>widget\backup\clouddisk</Filter>
    </ClCompile>
    <ClCompile Include="widget\clouddisk\CloudDiskFileWidget.cpp">
      <Filter>widget\backup\clouddisk</Filter>
    </ClCompile>
    <ClCompile Include="GeneratedFiles\Debug\moc_CloudDiskFileWidget.cpp">
      <Filter>Generated Files</Filter>
    </ClCompile>
    <ClCompile Include="GeneratedFiles\Release\moc_CloudDiskFileWidget.cpp">
      <Filter>Generated Files</Filter>
    </ClCompile>
    <ClCompile Include="widget\JYunBackup.cpp">
      <Filter>widget</Filter>
    </ClCompile>
    <ClCompile Include="GeneratedFiles\Debug\moc_JYunBackup.cpp">
      <Filter>Generated Files</Filter>
    </ClCompile>
    <ClCompile Include="GeneratedFiles\Release\moc_JYunBackup.cpp">
      <Filter>Generated Files</Filter>
    </ClCompile>
    <ClCompile Include="widget\backup\BackupLeftWidget.cpp">
      <Filter>widget\backup</Filter>
    </ClCompile>
    <ClCompile Include="widget\backup\BackupFileListWidget.cpp">
      <Filter>widget\backup</Filter>
    </ClCompile>
    <ClCompile Include="GeneratedFiles\Debug\moc_BackupFileListWidget.cpp">
      <Filter>Generated Files</Filter>
    </ClCompile>
    <ClCompile Include="GeneratedFiles\Release\moc_BackupFileListWidget.cpp">
      <Filter>Generated Files</Filter>
    </ClCompile>
    <ClCompile Include="GeneratedFiles\Debug\moc_BackupLeftWidget.cpp">
      <Filter>Generated Files</Filter>
    </ClCompile>
    <ClCompile Include="GeneratedFiles\Release\moc_BackupLeftWidget.cpp">
      <Filter>Generated Files</Filter>
    </ClCompile>
    <ClCompile Include="messagebox\JYunMessageBox.cpp">
      <Filter>messagebox</Filter>
    </ClCompile>
    <ClCompile Include="messagebox\JYunSerious.cpp">
      <Filter>messagebox</Filter>
    </ClCompile>
  </ItemGroup>
  <ItemGroup>
    <ClInclude Include="exception\Exception.h">
      <Filter>exception</Filter>
    </ClInclude>
    <ClInclude Include="stdafx.h" />
    <ClInclude Include="widget\JYunSetup.h">
      <Filter>widget</Filter>
    </ClInclude>
    <ClInclude Include="widget\clouddisk\CloudDiskStatusBar.h">
      <Filter>widget\backup\clouddisk</Filter>
    </ClInclude>
    <ClInclude Include="messagebox\JYunMessageBox.h">
      <Filter>messagebox</Filter>
    </ClInclude>
    <ClInclude Include="messagebox\JYunSerious.h">
      <Filter>messagebox</Filter>
    </ClInclude>
  </ItemGroup>
  <ItemGroup>
    <CustomBuild Include="JYunApplication.qrc">
      <Filter>Resource Files</Filter>
    </CustomBuild>
    <CustomBuild Include="widget\JYunApplication.h">
      <Filter>widget</Filter>
    </CustomBuild>
    <CustomBuild Include="basic\BasicWidget.h">
      <Filter>basic</Filter>
    </CustomBuild>
    <CustomBuild Include="widget\JYunLogin.h">
      <Filter>widget</Filter>
    </CustomBuild>
    <CustomBuild Include="widget\clouddisk\CloudDiskTopWidget.h">
      <Filter>widget\backup\clouddisk</Filter>
    </CustomBuild>
    <CustomBuild Include="widget\JYunCloudDisk.h">
      <Filter>widget</Filter>
    </CustomBuild>
    <CustomBuild Include="widget\clouddisk\CloudDiskLeftWidget.h">
      <Filter>widget\backup\clouddisk</Filter>
    </CustomBuild>
    <CustomBuild Include="widget\clouddisk\CloudDiskFileWidget.h">
      <Filter>widget\backup\clouddisk</Filter>
    </CustomBuild>
    <CustomBuild Include="widget\JYunBackup.h">
      <Filter>widget</Filter>
    </CustomBuild>
    <CustomBuild Include="widget\backup\BackupFileListWidget.h">
      <Filter>widget\backup</Filter>
    </CustomBuild>
    <CustomBuild Include="widget\backup\BackupLeftWidget.h">
      <Filter>widget\backup</Filter>
    </CustomBuild>
  </ItemGroup>
  <ItemGroup>
    <ResourceCompile Include="logo.rc" />
  </ItemGroup>
  <ItemGroup>
    <Image Include="resource\logo\logo.ico" />
  </ItemGroup>
</Project>