<?xml version="1.0" encoding="utf-8"?>
<Project ToolsVersion="4.0" xmlns="http://schemas.microsoft.com/developer/msbuild/2003">
  <ItemGroup>
    <Filter Include="Resource Files">
      <UniqueIdentifier>{D9D6E242-F8AF-46E4-B9FD-80ECBC20BA3E}</UniqueIdentifier>
      <Extensions>qrc;*</Extensions>
      <ParseFiles>false</ParseFiles>
    </Filter>
    <Filter Include="Resource Files">
      <UniqueIdentifier>{D9D6E242-F8AF-46E4-B9FD-80ECBC20BA3E}</UniqueIdentifier>
      <Extensions>qrc;*</Extensions>
      <ParseFiles>false</ParseFiles>
    </Filter>
    <Filter Include="Generated Files">
      <UniqueIdentifier>{71ED8ED8-ACB9-4CE9-BBE1-E00B30144E11}</UniqueIdentifier>
      <Extensions>moc;h;cpp</Extensions>
      <SourceControlFiles>False</SourceControlFiles>
    </Filter>
    <Filter Include="exception">
      <UniqueIdentifier>{61622fed-ba37-486b-bad4-deefb713a39e}</UniqueIdentifier>
    </Filter>
    <Filter Include="basic">
      <UniqueIdentifier>{4102f530-c437-4dad-87f0-41bcab56b720}</UniqueIdentifier>
    </Filter>
    <Filter Include="widget">
      <UniqueIdentifier>{6b45a533-fe90-4592-bc8b-36fb64b20b16}</UniqueIdentifier>
    </Filter>
  </ItemGroup>
  <ItemGroup>
    <ClCompile Include="GeneratedFiles\qrc_JYunApplication.cpp">
      <Filter>Generated Files</Filter>
    </ClCompile>
    <ClCompile Include="exception\Exception.cpp">
      <Filter>exception</Filter>
    </ClCompile>
    <ClCompile Include="main.cpp" />
    <ClCompile Include="stdafx.cpp" />
    <ClCompile Include="basic\BasicWidget.cpp">
      <Filter>basic</Filter>
    </ClCompile>
    <ClCompile Include="widget\JYunApplication.cpp">
      <Filter>widget</Filter>
    </ClCompile>
    <ClCompile Include="GeneratedFiles\Debug\moc_JYunApplication.cpp">
      <Filter>Generated Files</Filter>
    </ClCompile>
    <ClCompile Include="GeneratedFiles\Release\moc_JYunApplication.cpp">
      <Filter>Generated Files</Filter>
    </ClCompile>
    <ClCompile Include="GeneratedFiles\Debug\moc_BasicWidget.cpp">
      <Filter>Generated Files</Filter>
    </ClCompile>
    <ClCompile Include="GeneratedFiles\Release\moc_BasicWidget.cpp">
      <Filter>Generated Files</Filter>
    </ClCompile>
    <ClCompile Include="basic\CloseButton.cpp">
      <Filter>basic</Filter>
    </ClCompile>
    <ClCompile Include="GeneratedFiles\Debug\moc_CloseButton.cpp">
      <Filter>Generated Files</Filter>
    </ClCompile>
    <ClCompile Include="GeneratedFiles\Release\moc_CloseButton.cpp">
      <Filter>Generated Files</Filter>
    </ClCompile>
    <ClCompile Include="widget\JYunLogin.cpp">
      <Filter>widget</Filter>
    </ClCompile>
    <ClCompile Include="GeneratedFiles\Debug\moc_JYunLogin.cpp">
      <Filter>Generated Files</Filter>
    </ClCompile>
    <ClCompile Include="GeneratedFiles\Release\moc_JYunLogin.cpp">
      <Filter>Generated Files</Filter>
    </ClCompile>
    <ClCompile Include="widget\JYunSetup.cpp">
      <Filter>widget</Filter>
    </ClCompile>
  </ItemGroup>
  <ItemGroup>
    <ClInclude Include="exception\Exception.h">
      <Filter>exception</Filter>
    </ClInclude>
    <ClInclude Include="stdafx.h" />
    <ClInclude Include="widget\JYunSetup.h">
      <Filter>widget</Filter>
    </ClInclude>
  </ItemGroup>
  <ItemGroup>
    <CustomBuild Include="JYunApplication.qrc">
      <Filter>Resource Files</Filter>
    </CustomBuild>
    <CustomBuild Include="widget\JYunApplication.h">
      <Filter>widget</Filter>
    </CustomBuild>
    <CustomBuild Include="basic\BasicWidget.h">
      <Filter>basic</Filter>
    </CustomBuild>
    <CustomBuild Include="basic\CloseButton.h">
      <Filter>basic</Filter>
    </CustomBuild>
    <CustomBuild Include="widget\JYunLogin.h">
      <Filter>widget</Filter>
    </CustomBuild>
  </ItemGroup>
  <ItemGroup>
    <ResourceCompile Include="logo.rc" />
  </ItemGroup>
  <ItemGroup>
    <Image Include="resource\logo\logo.ico" />
  </ItemGroup>
</Project>